{
    "_readme": [
        "This file locks the dependencies of your project to a known state",
        "Read more about it at https://getcomposer.org/doc/01-basic-usage.md#composer-lock-the-lock-file",
        "This file is @generated automatically"
    ],
    "content-hash": "dbbb378c409ee766f3144281b6b772f8",
    "packages": [],
    "packages-dev": [
        {
            "name": "snowdog/frontools",
            "version": "1.5.10",
            "source": {
                "type": "git",
                "url": "https://github.com/SnowdogApps/magento2-frontools.git",
                "reference": "95e16686994af8878da73a71fe573b01b3cea739"
            },
            "dist": {
                "type": "zip",
                "url": "https://api.github.com/repos/SnowdogApps/magento2-frontools/zipball/95e16686994af8878da73a71fe573b01b3cea739",
                "reference": "95e16686994af8878da73a71fe573b01b3cea739",
                "shasum": ""
            },
            "type": "magento2-component",
            "notification-url": "https://packagist.org/downloads/",
            "license": [
                "MIT"
            ],
            "description": "Set of front-end tools for Magento 2, based on Gulp.js",
            "time": "2017-12-04T13:33:00+00:00"
        }
    ],
    "aliases": [],
    "minimum-stability": "stable",
    "stability-flags": [],
    "prefer-stable": false,
    "prefer-lowest": false,
    "platform": [],
    "platform-dev": []
}
